{
  "name": "ajs_homework3_nodejs",
  "version": "1.0.0",
  "lockfileVersion": 2,
  "requires": true,
  "packages": {
    "": {
      "name": "ajs_homework3_nodejs",
      "version": "1.0.0",
      "license": "ISC",
      "dependencies": {
        "@silantevr/ajs_homework3": "^1.0.1"
      }
    },
    "node_modules/@silantevr/ajs_homework3": {
      "version": "1.0.1",
      "resolved": "https://npm.pkg.github.com/download/@silantevr/ajs_homework3/1.0.1/f5c23dbd00482eba4421462ce9fc2409723d67d9",
      "integrity": "sha512-tisf0Cp+N0KGckX7MVpDGzUZNo9hByo2BcVGnbsntnwVCcejkw0Vud6PIJNQREcq81DldRK+AHCfPuJ3/oKtyA==",
      "license": "ISC"
    }
  },
  "dependencies": {
    "@silantevr/ajs_homework3": {
      "version": "1.0.1",
      "resolved": "https://npm.pkg.github.com/download/@silantevr/ajs_homework3/1.0.1/f5c23dbd00482eba4421462ce9fc2409723d67d9",
      "integrity": "sha512-tisf0Cp+N0KGckX7MVpDGzUZNo9hByo2BcVGnbsntnwVCcejkw0Vud6PIJNQREcq81DldRK+AHCfPuJ3/oKtyA=="
    }
  }
}
